
Microsoft Visual Studio Solution File, Format Version 12.00
# Visual Studio Version 17
VisualStudioVersion = 17.14.36121.58
MinimumVisualStudioVersion = 10.0.40219.1
Project("{FAE04EC0-301F-11D3-BF4B-00C04F79EFBC}") = "GEOsklep", "AGRO\GEOsklep.csproj", "{86381C35-E3B9-4652-878D-31B3CF73F224}"
EndProject
Project("{FAE04EC0-301F-11D3-BF4B-00C04F79EFBC}") = "Sklep", "..\konsolowa\Sklep\Sklep.csproj", "{D7649A6D-B37B-4EB7-9807-C2ACE0B6B12D}"
EndProject
Global
	GlobalSection(SolutionConfigurationPlatforms) = preSolution
		Debug|Any CPU = Debug|Any CPU
		Release|Any CPU = Release|Any CPU
	EndGlobalSection
	GlobalSection(ProjectConfigurationPlatforms) = postSolution
		{86381C35-E3B9-4652-878D-31B3CF73F224}.Debug|Any CPU.ActiveCfg = Debug|Any CPU
		{86381C35-E3B9-4652-878D-31B3CF73F224}.Debug|Any CPU.Build.0 = Debug|Any CPU
		{86381C35-E3B9-4652-878D-31B3CF73F224}.Release|Any CPU.ActiveCfg = Release|Any CPU
		{86381C35-E3B9-4652-878D-31B3CF73F224}.Release|Any CPU.Build.0 = Release|Any CPU
		{D7649A6D-B37B-4EB7-9807-C2ACE0B6B12D}.Debug|Any CPU.ActiveCfg = Debug|Any CPU
		{D7649A6D-B37B-4EB7-9807-C2ACE0B6B12D}.Debug|Any CPU.Build.0 = Debug|Any CPU
		{D7649A6D-B37B-4EB7-9807-C2ACE0B6B12D}.Release|Any CPU.ActiveCfg = Release|Any CPU
		{D7649A6D-B37B-4EB7-9807-C2ACE0B6B12D}.Release|Any CPU.Build.0 = Release|Any CPU
	EndGlobalSection
	GlobalSection(SolutionProperties) = preSolution
		HideSolutionNode = FALSE
	EndGlobalSection
	GlobalSection(ExtensibilityGlobals) = postSolution
		SolutionGuid = {C3F28BDD-70DF-4C6C-B0F3-A4CEB65AB468}
	EndGlobalSection
EndGlobal
